
Microsoft Visual Studio Solution File, Format Version 12.00
# Visual Studio 15
VisualStudioVersion = 15.0.28307.960
MinimumVisualStudioVersion = 10.0.40219.1
Project("{FAE04EC0-301F-11D3-BF4B-00C04F79EFBC}") = "EllipsePlugin", "EllipsePlugin\EllipsePlugin.csproj", "{8F646145-07B1-4954-8B17-B6861A7BC917}"
EndProject
Global
	GlobalSection(SolutionConfigurationPlatforms) = preSolution
		Debug|Any CPU = Debug|Any CPU
		Release|Any CPU = Release|Any CPU
	EndGlobalSection
	GlobalSection(ProjectConfigurationPlatforms) = postSolution
		{8F646145-07B1-4954-8B17-B6861A7BC917}.Debug|Any CPU.ActiveCfg = Debug|Any CPU
		{8F646145-07B1-4954-8B17-B6861A7BC917}.Debug|Any CPU.Build.0 = Debug|Any CPU
		{8F646145-07B1-4954-8B17-B6861A7BC917}.Release|Any CPU.ActiveCfg = Release|Any CPU
		{8F646145-07B1-4954-8B17-B6861A7BC917}.Release|Any CPU.Build.0 = Release|Any CPU
	EndGlobalSection
	GlobalSection(SolutionProperties) = preSolution
		HideSolutionNode = FALSE
	EndGlobalSection
	GlobalSection(ExtensibilityGlobals) = postSolution
		SolutionGuid = {4E8BC1F4-5308-48AF-BDED-6DBCACA435C9}
	EndGlobalSection
EndGlobal
