
Microsoft Visual Studio Solution File, Format Version 12.00
# Visual Studio 15
VisualStudioVersion = 15.0.28307.960
MinimumVisualStudioVersion = 10.0.40219.1
Project("{FAE04EC0-301F-11D3-BF4B-00C04F79EFBC}") = "BRepExample", "BRepExample\BRepExample.csproj", "{281A6E37-4DB2-42FE-BC54-33D05587AC8C}"
EndProject
Global
	GlobalSection(SolutionConfigurationPlatforms) = preSolution
		Debug|Any CPU = Debug|Any CPU
		Release|Any CPU = Release|Any CPU
	EndGlobalSection
	GlobalSection(ProjectConfigurationPlatforms) = postSolution
		{281A6E37-4DB2-42FE-BC54-33D05587AC8C}.Debug|Any CPU.ActiveCfg = Debug|Any CPU
		{281A6E37-4DB2-42FE-BC54-33D05587AC8C}.Debug|Any CPU.Build.0 = Debug|Any CPU
		{281A6E37-4DB2-42FE-BC54-33D05587AC8C}.Release|Any CPU.ActiveCfg = Release|Any CPU
		{281A6E37-4DB2-42FE-BC54-33D05587AC8C}.Release|Any CPU.Build.0 = Release|Any CPU
	EndGlobalSection
	GlobalSection(SolutionProperties) = preSolution
		HideSolutionNode = FALSE
	EndGlobalSection
	GlobalSection(ExtensibilityGlobals) = postSolution
		SolutionGuid = {B6920982-4A18-46D9-B47A-99398F08F1D7}
	EndGlobalSection
EndGlobal
