
Microsoft Visual Studio Solution File, Format Version 12.00
# Visual Studio 15
VisualStudioVersion = 15.0.28307.960
MinimumVisualStudioVersion = 10.0.40219.1
Project("{FAE04EC0-301F-11D3-BF4B-00C04F79EFBC}") = "BasicViews", "BasicViews\BasicViews.csproj", "{EADD711A-32E8-4315-84E4-2BCC9A8318F2}"
EndProject
Global
	GlobalSection(SolutionConfigurationPlatforms) = preSolution
		Debug|Any CPU = Debug|Any CPU
		Release|Any CPU = Release|Any CPU
	EndGlobalSection
	GlobalSection(ProjectConfigurationPlatforms) = postSolution
		{EADD711A-32E8-4315-84E4-2BCC9A8318F2}.Debug|Any CPU.ActiveCfg = Debug|Any CPU
		{EADD711A-32E8-4315-84E4-2BCC9A8318F2}.Debug|Any CPU.Build.0 = Debug|Any CPU
		{EADD711A-32E8-4315-84E4-2BCC9A8318F2}.Release|Any CPU.ActiveCfg = Release|Any CPU
		{EADD711A-32E8-4315-84E4-2BCC9A8318F2}.Release|Any CPU.Build.0 = Release|Any CPU
	EndGlobalSection
	GlobalSection(SolutionProperties) = preSolution
		HideSolutionNode = FALSE
	EndGlobalSection
	GlobalSection(ExtensibilityGlobals) = postSolution
		SolutionGuid = {D4713C3D-FE61-4BA5-9731-69C7262DCCFA}
	EndGlobalSection
EndGlobal
