
Microsoft Visual Studio Solution File, Format Version 12.00
# Visual Studio 15
VisualStudioVersion = 15.0.28307.960
MinimumVisualStudioVersion = 10.0.40219.1
Project("{FAE04EC0-301F-11D3-BF4B-00C04F79EFBC}") = "BentPlateCreationExample", "BentPlateCreationExample\BentPlateCreationExample.csproj", "{A5F834C1-4916-4220-A2E2-6A668B35F608}"
EndProject
Global
	GlobalSection(SolutionConfigurationPlatforms) = preSolution
		Debug|Any CPU = Debug|Any CPU
		Release|Any CPU = Release|Any CPU
	EndGlobalSection
	GlobalSection(ProjectConfigurationPlatforms) = postSolution
		{A5F834C1-4916-4220-A2E2-6A668B35F608}.Debug|Any CPU.ActiveCfg = Debug|Any CPU
		{A5F834C1-4916-4220-A2E2-6A668B35F608}.Debug|Any CPU.Build.0 = Debug|Any CPU
		{A5F834C1-4916-4220-A2E2-6A668B35F608}.Release|Any CPU.ActiveCfg = Release|Any CPU
		{A5F834C1-4916-4220-A2E2-6A668B35F608}.Release|Any CPU.Build.0 = Release|Any CPU
	EndGlobalSection
	GlobalSection(SolutionProperties) = preSolution
		HideSolutionNode = FALSE
	EndGlobalSection
	GlobalSection(ExtensibilityGlobals) = postSolution
		SolutionGuid = {BA769496-BDB7-4FF1-83A9-E0CEA8EFACD9}
	EndGlobalSection
EndGlobal
