
Microsoft Visual Studio Solution File, Format Version 12.00
# Visual Studio 15
VisualStudioVersion = 15.0.28307.960
MinimumVisualStudioVersion = 10.0.40219.1
Project("{FAE04EC0-301F-11D3-BF4B-00C04F79EFBC}") = "ObjectTestApplication", "ObjectTestApplication\ObjectTestApplication.csproj", "{9912A177-8CEE-4540-9E77-A4CF19AA6D0A}"
EndProject
Global
	GlobalSection(SolutionConfigurationPlatforms) = preSolution
		Debug|Any CPU = Debug|Any CPU
		Release|Any CPU = Release|Any CPU
	EndGlobalSection
	GlobalSection(ProjectConfigurationPlatforms) = postSolution
		{9912A177-8CEE-4540-9E77-A4CF19AA6D0A}.Debug|Any CPU.ActiveCfg = Debug|Any CPU
		{9912A177-8CEE-4540-9E77-A4CF19AA6D0A}.Debug|Any CPU.Build.0 = Debug|Any CPU
		{9912A177-8CEE-4540-9E77-A4CF19AA6D0A}.Release|Any CPU.ActiveCfg = Release|Any CPU
		{9912A177-8CEE-4540-9E77-A4CF19AA6D0A}.Release|Any CPU.Build.0 = Release|Any CPU
	EndGlobalSection
	GlobalSection(SolutionProperties) = preSolution
		HideSolutionNode = FALSE
	EndGlobalSection
	GlobalSection(ExtensibilityGlobals) = postSolution
		SolutionGuid = {4AA3C89F-0A92-46D7-A61B-0EB77844E3E8}
	EndGlobalSection
EndGlobal
