
Microsoft Visual Studio Solution File, Format Version 12.00
# Visual Studio 15
VisualStudioVersion = 15.0.28307.960
MinimumVisualStudioVersion = 10.0.40219.1
Project("{FAE04EC0-301F-11D3-BF4B-00C04F79EFBC}") = "CustomProperties", "CustomProperties\CustomProperties.csproj", "{338759A7-5C0C-4936-896A-5E00FEF49229}"
EndProject
Global
	GlobalSection(SolutionConfigurationPlatforms) = preSolution
		Debug|Any CPU = Debug|Any CPU
		Release|Any CPU = Release|Any CPU
	EndGlobalSection
	GlobalSection(ProjectConfigurationPlatforms) = postSolution
		{338759A7-5C0C-4936-896A-5E00FEF49229}.Debug|Any CPU.ActiveCfg = Debug|Any CPU
		{338759A7-5C0C-4936-896A-5E00FEF49229}.Debug|Any CPU.Build.0 = Debug|Any CPU
		{338759A7-5C0C-4936-896A-5E00FEF49229}.Release|Any CPU.ActiveCfg = Release|Any CPU
		{338759A7-5C0C-4936-896A-5E00FEF49229}.Release|Any CPU.Build.0 = Release|Any CPU
	EndGlobalSection
	GlobalSection(SolutionProperties) = preSolution
		HideSolutionNode = FALSE
	EndGlobalSection
	GlobalSection(ExtensibilityGlobals) = postSolution
		SolutionGuid = {9054527C-E409-40B4-97A9-261A5271216D}
	EndGlobalSection
EndGlobal
